// !$*UTF8*$!
{
	archiveVersion = 1;
	classes = {
	};
	objectVersion = 46;
	objects = {

/* Begin PBXBuildFile section */
		A6D60B7D1BC17F920026B98C /* AppDelegate.swift in Sources */ = {isa = PBXBuildFile; fileRef = A6D60B7C1BC17F920026B98C /* AppDelegate.swift */; };
		A6D60B7F1BC17F920026B98C /* ViewController.swift in Sources */ = {isa = PBXBuildFile; fileRef = A6D60B7E1BC17F920026B98C /* ViewController.swift */; };
		A6D60B821BC17F920026B98C /* Main.storyboard in Resources */ = {isa = PBXBuildFile; fileRef = A6D60B801BC17F920026B98C /* Main.storyboard */; };
		A6D60B841BC17F920026B98C /* Assets.xcassets in Resources */ = {isa = PBXBuildFile; fileRef = A6D60B831BC17F920026B98C /* Assets.xcassets */; };
		A6D60B871BC17F920026B98C /* LaunchScreen.storyboard in Resources */ = {isa = PBXBuildFile; fileRef = A6D60B851BC17F920026B98C /* LaunchScreen.storyboard */; };
/* End PBXBuildFile section */

/* Begin PBXFileReference section */
		A6D60B791BC17F920026B98C /* SwiftDay7_DemoFrameBound.app */ = {isa = PBXFileReference; explicitFileType = wrapper.application; includeInIndex = 0; path = SwiftDay7_DemoFrameBound.app; sourceTree = BUILT_PRODUCTS_DIR; };
		A6D60B7C1BC17F920026B98C /* AppDelegate.swift */ = {isa = PBXFileReference; lastKnownFileType = sourcecode.swift; path = AppDelegate.swift; sourceTree = "<group>"; };
		A6D60B7E1BC17F920026B98C /* ViewController.swift */ = {isa = PBXFileReference; lastKnownFileType = sourcecode.swift; path = ViewController.swift; sourceTree = "<group>"; };
		A6D60B811BC17F920026B98C /* Base */ = {isa = PBXFileReference; lastKnownFileType = file.storyboard; name = Base; path = Base.lproj/Main.storyboard; sourceTree = "<group>"; };
		A6D60B831BC17F920026B98C /* Assets.xcassets */ = {isa = PBXFileReference; lastKnownFileType = folder.assetcatalog; path = Assets.xcassets; sourceTree = "<group>"; };
		A6D60B861BC17F920026B98C /* Base */ = {isa = PBXFileReference; lastKnownFileType = file.storyboard; name = Base; path = Base.lproj/LaunchScreen.storyboard; sourceTree = "<group>"; };
		A6D60B881BC17F920026B98C /* Info.plist */ = {isa = PBXFileReference; lastKnownFileType = text.plist.xml; path = Info.plist; sourceTree = "<group>"; };
/* End PBXFileReference section */

/* Begin PBXFrameworksBuildPhase section */
		A6D60B761BC17F920026B98C /* Frameworks */ = {
			isa = PBXFrameworksBuildPhase;
			buildActionMask = 2147483647;
			files = (
			);
			runOnlyForDeploymentPostprocessing = 0;
		};
/* End PBXFrameworksBuildPhase section */

/* Begin PBXGroup section */
		A6D60B701BC17F920026B98C = {
			isa = PBXGroup;
			children = (
				A6D60B7B1BC17F920026B98C /* SwiftDay7_DemoFrameBound */,
				A6D60B7A1BC17F920026B98C /* Products */,
			);
			sourceTree = "<group>";
		};
		A6D60B7A1BC17F920026B98C /* Products */ = {
			isa = PBXGroup;
			children = (
				A6D60B791BC17F920026B98C /* SwiftDay7_DemoFrameBound.app */,
			);
			name = Products;
			sourceTree = "<group>";
		};
		A6D60B7B1BC17F920026B98C /* SwiftDay7_DemoFrameBound */ = {
			isa = PBXGroup;
			children = (
				A6D60B7C1BC17F920026B98C /* AppDelegate.swift */,
				A6D60B7E1BC17F920026B98C /* ViewController.swift */,
				A6D60B801BC17F920026B98C /* Main.storyboard */,
				A6D60B831BC17F920026B98C /* Assets.xcassets */,
				A6D60B851BC17F920026B98C /* LaunchScreen.storyboard */,
				A6D60B881BC17F920026B98C /* Info.plist */,
			);
			path = SwiftDay7_DemoFrameBound;
			sourceTree = "<group>";
		};
/* End PBXGroup section */

/* Begin PBXNativeTarget section */
		A6D60B781BC17F920026B98C /* SwiftDay7_DemoFrameBound */ = {
			isa = PBXNativeTarget;
			buildConfigurationList = A6D60B8B1BC17F920026B98C /* Build configuration list for PBXNativeTarget "SwiftDay7_DemoFrameBound" */;
			buildPhases = (
				A6D60B751BC17F920026B98C /* Sources */,
				A6D60B761BC17F920026B98C /* Frameworks */,
				A6D60B771BC17F920026B98C /* Resources */,
			);
			buildRules = (
			);
			dependencies = (
			);
			name = SwiftDay7_DemoFrameBound;
			productName = SwiftDay7_DemoFrameBound;
			productReference = A6D60B791BC17F920026B98C /* SwiftDay7_DemoFrameBound.app */;
			productType = "com.apple.product-type.application";
		};
/* End PBXNativeTarget section */

/* Begin PBXProject section */
		A6D60B711BC17F920026B98C /* Project object */ = {
			isa = PBXProject;
			attributes = {
				LastUpgradeCheck = 0700;
				ORGANIZATIONNAME = KD;
				TargetAttributes = {
					A6D60B781BC17F920026B98C = {
						CreatedOnToolsVersion = 7.0.1;
					};
				};
			};
			buildConfigurationList = A6D60B741BC17F920026B98C /* Build configuration list for PBXProject "SwiftDay7_DemoFrameBound" */;
			compatibilityVersion = "Xcode 3.2";
			developmentRegion = English;
			hasScannedForEncodings = 0;
			knownRegions = (
				en,
				Base,
			);
			mainGroup = A6D60B701BC17F920026B98C;
			productRefGroup = A6D60B7A1BC17F920026B98C /* Products */;
			projectDirPath = "";
			projectRoot = "";
			targets = (
				A6D60B781BC17F920026B98C /* SwiftDay7_DemoFrameBound */,
			);
		};
/* End PBXProject section */

/* Begin PBXResourcesBuildPhase section */
		A6D60B771BC17F920026B98C /* Resources */ = {
			isa = PBXResourcesBuildPhase;
			buildActionMask = 2147483647;
			files = (
				A6D60B871BC17F920026B98C /* LaunchScreen.storyboard in Resources */,
				A6D60B841BC17F920026B98C /* Assets.xcassets in Resources */,
				A6D60B821BC17F920026B98C /* Main.storyboard in Resources */,
			);
			runOnlyForDeploymentPostprocessing = 0;
		};
/* End PBXResourcesBuildPhase section */

/* Begin PBXSourcesBuildPhase section */
		A6D60B751BC17F920026B98C /* Sources */ = {
			isa = PBXSourcesBuildPhase;
			buildActionMask = 2147483647;
			files = (
				A6D60B7F1BC17F920026B98C /* ViewController.swift in Sources */,
				A6D60B7D1BC17F920026B98C /* AppDelegate.swift in Sources */,
			);
			runOnlyForDeploymentPostprocessing = 0;
		};
/* End PBXSourcesBuildPhase section */

/* Begin PBXVariantGroup section */
		A6D60B801BC17F920026B98C /* Main.storyboard */ = {
			isa = PBXVariantGroup;
			children = (
				A6D60B811BC17F920026B98C /* Base */,
			);
			name = Main.storyboard;
			sourceTree = "<group>";
		};
		A6D60B851BC17F920026B98C /* LaunchScreen.storyboard */ = {
			isa = PBXVariantGroup;
			children = (
				A6D60B861BC17F920026B98C /* Base */,
			);
			name = LaunchScreen.storyboard;
			sourceTree = "<group>";
		};
/* End PBXVariantGroup section */

/* Begin XCBuildConfiguration section */
		A6D60B891BC17F920026B98C /* Debug */ = {
			isa = XCBuildConfiguration;
			buildSettings = {
				ALWAYS_SEARCH_USER_PATHS = NO;
				CLANG_CXX_LANGUAGE_STANDARD = "gnu++0x";
				CLANG_CXX_LIBRARY = "libc++";
				CLANG_ENABLE_MODULES = YES;
				CLANG_ENABLE_OBJC_ARC = YES;
				CLANG_WARN_BOOL_CONVERSION = YES;
				CLANG_WARN_CONSTANT_CONVERSION = YES;
				CLANG_WARN_DIRECT_OBJC_ISA_USAGE = YES_ERROR;
				CLANG_WARN_EMPTY_BODY = YES;
				CLANG_WARN_ENUM_CONVERSION = YES;
				CLANG_WARN_INT_CONVERSION = YES;
				CLANG_WARN_OBJC_ROOT_CLASS = YES_ERROR;
				CLANG_WARN_UNREACHABLE_CODE = YES;
				CLANG_WARN__DUPLICATE_METHOD_MATCH = YES;
				"CODE_SIGN_IDENTITY[sdk=iphoneos*]" = "iPhone Developer";
				COPY_PHASE_STRIP = NO;
				DEBUG_INFORMATION_FORMAT = dwarf;
				ENABLE_STRICT_OBJC_MSGSEND = YES;
				ENABLE_TESTABILITY = YES;
				GCC_C_LANGUAGE_STANDARD = gnu99;
				GCC_DYNAMIC_NO_PIC = NO;
				GCC_NO_COMMON_BLOCKS = YES;
				GCC_OPTIMIZATION_LEVEL = 0;
				GCC_PREPROCESSOR_DEFINITIONS = (
					"DEBUG=1",
					"$(inherited)",
				);
				GCC_WARN_64_TO_32_BIT_CONVERSION = YES;
				GCC_WARN_ABOUT_RETURN_TYPE = YES_ERROR;
				GCC_WARN_UNDECLARED_SELECTOR = YES;
				GCC_WARN_UNINITIALIZED_AUTOS = YES_AGGRESSIVE;
				GCC_WARN_UNUSED_FUNCTION = YES;
				GCC_WARN_UNUSED_VARIABLE = YES;
				IPHONEOS_DEPLOYMENT_TARGET = 9.0;
				MTL_ENABLE_DEBUG_INFO = YES;
				ONLY_ACTIVE_ARCH = YES;
				SDKROOT = iphoneos;
				SWIFT_OPTIMIZATION_LEVEL = "-Onone";
			};
			name = Debug;
		};
		A6D60B8A1BC17F920026B98C /* Release */ = {
			isa = XCBuildConfiguration;
			buildSettings = {
				ALWAYS_SEARCH_USER_PATHS = NO;
				CLANG_CXX_LANGUAGE_STANDARD = "gnu++0x";
				CLANG_CXX_LIBRARY = "libc++";
				CLANG_ENABLE_MODULES = YES;
				CLANG_ENABLE_OBJC_ARC = YES;
				CLANG_WARN_BOOL_CONVERSION = YES;
				CLANG_WARN_CONSTANT_CONVERSION = YES;
				CLANG_WARN_DIRECT_OBJC_ISA_USAGE = YES_ERROR;
				CLANG_WARN_EMPTY_BODY = YES;
				CLANG_WARN_ENUM_CONVERSION = YES;
				CLANG_WARN_INT_CONVERSION = YES;
				CLANG_WARN_OBJC_ROOT_CLASS = YES_ERROR;
				CLANG_WARN_UNREACHABLE_CODE = YES;
				CLANG_WARN__DUPLICATE_METHOD_MATCH = YES;
				"CODE_SIGN_IDENTITY[sdk=iphoneos*]" = "iPhone Developer";
				COPY_PHASE_STRIP = NO;
				DEBUG_INFORMATION_FORMAT = "dwarf-with-dsym";
				ENABLE_NS_ASSERTIONS = NO;
				ENABLE_STRICT_OBJC_MSGSEND = YES;
				GCC_C_LANGUAGE_STANDARD = gnu99;
				GCC_NO_COMMON_BLOCKS = YES;
				GCC_WARN_64_TO_32_BIT_CONVERSION = YES;
				GCC_WARN_ABOUT_RETURN_TYPE = YES_ERROR;
				GCC_WARN_UNDECLARED_SELECTOR = YES;
				GCC_WARN_UNINITIALIZED_AUTOS = YES_AGGRESSIVE;
				GCC_WARN_UNUSED_FUNCTION = YES;
				GCC_WARN_UNUSED_VARIABLE = YES;
				IPHONEOS_DEPLOYMENT_TARGET = 9.0;
				MTL_ENABLE_DEBUG_INFO = NO;
				SDKROOT = iphoneos;
				VALIDATE_PRODUCT = YES;
			};
			name = Release;
		};
		A6D60B8C1BC17F920026B98C /* Debug */ = {
			isa = XCBuildConfiguration;
			buildSettings = {
				ASSETCATALOG_COMPILER_APPICON_NAME = AppIcon;
				INFOPLIST_FILE = SwiftDay7_DemoFrameBound/Info.plist;
				LD_RUNPATH_SEARCH_PATHS = "$(inherited) @executable_path/Frameworks";
				PRODUCT_BUNDLE_IDENTIFIER = "KDStudio.SwiftDay7-DemoFrameBound";
				PRODUCT_NAME = "$(TARGET_NAME)";
			};
			name = Debug;
		};
		A6D60B8D1BC17F920026B98C /* Release */ = {
			isa = XCBuildConfiguration;
			buildSettings = {
				ASSETCATALOG_COMPILER_APPICON_NAME = AppIcon;
				INFOPLIST_FILE = SwiftDay7_DemoFrameBound/Info.plist;
				LD_RUNPATH_SEARCH_PATHS = "$(inherited) @executable_path/Frameworks";
				PRODUCT_BUNDLE_IDENTIFIER = "KDStudio.SwiftDay7-DemoFrameBound";
				PRODUCT_NAME = "$(TARGET_NAME)";
			};
			name = Release;
		};
/* End XCBuildConfiguration section */

/* Begin XCConfigurationList section */
		A6D60B741BC17F920026B98C /* Build configuration list for PBXProject "SwiftDay7_DemoFrameBound" */ = {
			isa = XCConfigurationList;
			buildConfigurations = (
				A6D60B891BC17F920026B98C /* Debug */,
				A6D60B8A1BC17F920026B98C /* Release */,
			);
			defaultConfigurationIsVisible = 0;
			defaultConfigurationName = Release;
		};
		A6D60B8B1BC17F920026B98C /* Build configuration list for PBXNativeTarget "SwiftDay7_DemoFrameBound" */ = {
			isa = XCConfigurationList;
			buildConfigurations = (
				A6D60B8C1BC17F920026B98C /* Debug */,
				A6D60B8D1BC17F920026B98C /* Release */,
			);
			defaultConfigurationIsVisible = 0;
		};
/* End XCConfigurationList section */
	};
	rootObject = A6D60B711BC17F920026B98C /* Project object */;
}
